
Microsoft Visual Studio Solution File, Format Version 12.00
# Visual Studio Version 16
VisualStudioVersion = 16.0.31105.61
MinimumVisualStudioVersion = 10.0.40219.1
Project("{FAE04EC0-301F-11D3-BF4B-00C04F79EFBC}") = "DZ1_Array_Fylyppskykh", "DZ1_Array_Fylyppskykh\DZ1_Array_Fylyppskykh.csproj", "{81B592ED-AD8D-46C3-9543-2CC62C710C94}"
EndProject
Global
	GlobalSection(SolutionConfigurationPlatforms) = preSolution
		Debug|Any CPU = Debug|Any CPU
		Release|Any CPU = Release|Any CPU
	EndGlobalSection
	GlobalSection(ProjectConfigurationPlatforms) = postSolution
		{81B592ED-AD8D-46C3-9543-2CC62C710C94}.Debug|Any CPU.ActiveCfg = Debug|Any CPU
		{81B592ED-AD8D-46C3-9543-2CC62C710C94}.Debug|Any CPU.Build.0 = Debug|Any CPU
		{81B592ED-AD8D-46C3-9543-2CC62C710C94}.Release|Any CPU.ActiveCfg = Release|Any CPU
		{81B592ED-AD8D-46C3-9543-2CC62C710C94}.Release|Any CPU.Build.0 = Release|Any CPU
	EndGlobalSection
	GlobalSection(SolutionProperties) = preSolution
		HideSolutionNode = FALSE
	EndGlobalSection
	GlobalSection(ExtensibilityGlobals) = postSolution
		SolutionGuid = {6A607AA1-74BF-45EC-946D-85455F5F0FC7}
	EndGlobalSection
EndGlobal
